
Microsoft Visual Studio Solution File, Format Version 12.00
# Visual Studio Version 16
VisualStudioVersion = 16.0.29613.14
MinimumVisualStudioVersion = 10.0.40219.1
Project("{FAE04EC0-301F-11D3-BF4B-00C04F79EFBC}") = "Support_request_app", "Support_request_app\Support_request_app.csproj", "{E8A16196-9BF0-40F8-BB50-18D33B521C48}"
EndProject
Project("{8BC9CEB8-8B4A-11D0-8D11-00A0C91BC942}") = "ConsoleDllTest", "ConsoleDllTest\ConsoleDllTest.vcxproj", "{091DD6CF-747D-4212-B343-796D0559BCAD}"
EndProject
Project("{8BC9CEB8-8B4A-11D0-8D11-00A0C91BC942}") = "ComLibWrapperDll", "ComLibWrapperDll\ComLibWrapperDll.vcxproj", "{9570314F-03A9-4021-A34E-3EE0B8AD830A}"
EndProject
Project("{2150E333-8FDC-42A3-9474-1A3956D46DE8}") = "Solution Items", "Solution Items", "{743E28EB-04AE-40F5-B583-096EC53B0129}"
	ProjectSection(SolutionItems) = preProject
		ReadME.txt = ReadME.txt
	EndProjectSection
EndProject
Global
	GlobalSection(SolutionConfigurationPlatforms) = preSolution
		Debug|Any CPU = Debug|Any CPU
		Debug|x64 = Debug|x64
		Debug|x86 = Debug|x86
		Release|Any CPU = Release|Any CPU
		Release|x64 = Release|x64
		Release|x86 = Release|x86
	EndGlobalSection
	GlobalSection(ProjectConfigurationPlatforms) = postSolution
		{E8A16196-9BF0-40F8-BB50-18D33B521C48}.Debug|Any CPU.ActiveCfg = Debug|Any CPU
		{E8A16196-9BF0-40F8-BB50-18D33B521C48}.Debug|Any CPU.Build.0 = Debug|Any CPU
		{E8A16196-9BF0-40F8-BB50-18D33B521C48}.Debug|x64.ActiveCfg = Debug|x64
		{E8A16196-9BF0-40F8-BB50-18D33B521C48}.Debug|x64.Build.0 = Debug|x64
		{E8A16196-9BF0-40F8-BB50-18D33B521C48}.Debug|x86.ActiveCfg = Debug|x86
		{E8A16196-9BF0-40F8-BB50-18D33B521C48}.Release|Any CPU.ActiveCfg = Release|Any CPU
		{E8A16196-9BF0-40F8-BB50-18D33B521C48}.Release|Any CPU.Build.0 = Release|Any CPU
		{E8A16196-9BF0-40F8-BB50-18D33B521C48}.Release|x64.ActiveCfg = Release|Any CPU
		{E8A16196-9BF0-40F8-BB50-18D33B521C48}.Release|x64.Build.0 = Release|Any CPU
		{E8A16196-9BF0-40F8-BB50-18D33B521C48}.Release|x86.ActiveCfg = Release|Any CPU
		{E8A16196-9BF0-40F8-BB50-18D33B521C48}.Release|x86.Build.0 = Release|Any CPU
		{091DD6CF-747D-4212-B343-796D0559BCAD}.Debug|Any CPU.ActiveCfg = Debug|Win32
		{091DD6CF-747D-4212-B343-796D0559BCAD}.Debug|x64.ActiveCfg = Debug|x64
		{091DD6CF-747D-4212-B343-796D0559BCAD}.Debug|x64.Build.0 = Debug|x64
		{091DD6CF-747D-4212-B343-796D0559BCAD}.Debug|x86.ActiveCfg = Debug|Win32
		{091DD6CF-747D-4212-B343-796D0559BCAD}.Release|Any CPU.ActiveCfg = Release|Win32
		{091DD6CF-747D-4212-B343-796D0559BCAD}.Release|x64.ActiveCfg = Release|x64
		{091DD6CF-747D-4212-B343-796D0559BCAD}.Release|x64.Build.0 = Release|x64
		{091DD6CF-747D-4212-B343-796D0559BCAD}.Release|x86.ActiveCfg = Release|Win32
		{091DD6CF-747D-4212-B343-796D0559BCAD}.Release|x86.Build.0 = Release|Win32
		{9570314F-03A9-4021-A34E-3EE0B8AD830A}.Debug|Any CPU.ActiveCfg = Debug|Win32
		{9570314F-03A9-4021-A34E-3EE0B8AD830A}.Debug|x64.ActiveCfg = Debug|x64
		{9570314F-03A9-4021-A34E-3EE0B8AD830A}.Debug|x64.Build.0 = Debug|x64
		{9570314F-03A9-4021-A34E-3EE0B8AD830A}.Debug|x86.ActiveCfg = Debug|Win32
		{9570314F-03A9-4021-A34E-3EE0B8AD830A}.Release|Any CPU.ActiveCfg = Release|Win32
		{9570314F-03A9-4021-A34E-3EE0B8AD830A}.Release|x64.ActiveCfg = Release|x64
		{9570314F-03A9-4021-A34E-3EE0B8AD830A}.Release|x64.Build.0 = Release|x64
		{9570314F-03A9-4021-A34E-3EE0B8AD830A}.Release|x86.ActiveCfg = Release|Win32
		{9570314F-03A9-4021-A34E-3EE0B8AD830A}.Release|x86.Build.0 = Release|Win32
	EndGlobalSection
	GlobalSection(SolutionProperties) = preSolution
		HideSolutionNode = FALSE
	EndGlobalSection
	GlobalSection(ExtensibilityGlobals) = postSolution
		SolutionGuid = {38C45D70-F215-495A-8B5C-0D1267A30CF4}
	EndGlobalSection
EndGlobal
